
Microsoft Visual Studio Solution File, Format Version 12.00
# Visual Studio 2013
VisualStudioVersion = 12.0.21005.1
MinimumVisualStudioVersion = 10.0.40219.1
Project("{FAE04EC0-301F-11D3-BF4B-00C04F79EFBC}") = "ToDoList", "ToDoList\ToDoList.csproj", "{0597E023-0646-468D-9D46-093A5D64112D}"
EndProject
Project("{FAE04EC0-301F-11D3-BF4B-00C04F79EFBC}") = "DataProcessor", "DataProcessor\DataProcessor.csproj", "{786C5A3B-2EB3-4960-92B4-180BDE5B249C}"
EndProject
Project("{FAE04EC0-301F-11D3-BF4B-00C04F79EFBC}") = "ToDoListTest", "ToDoListTest\ToDoListTest.csproj", "{11214A75-4B79-446C-A315-CA6920E2ECE4}"
EndProject
Global
	GlobalSection(SolutionConfigurationPlatforms) = preSolution
		Debug|Any CPU = Debug|Any CPU
		Release|Any CPU = Release|Any CPU
	EndGlobalSection
	GlobalSection(ProjectConfigurationPlatforms) = postSolution
		{0597E023-0646-468D-9D46-093A5D64112D}.Debug|Any CPU.ActiveCfg = Debug|Any CPU
		{0597E023-0646-468D-9D46-093A5D64112D}.Debug|Any CPU.Build.0 = Debug|Any CPU
		{0597E023-0646-468D-9D46-093A5D64112D}.Release|Any CPU.ActiveCfg = Release|Any CPU
		{0597E023-0646-468D-9D46-093A5D64112D}.Release|Any CPU.Build.0 = Release|Any CPU
		{786C5A3B-2EB3-4960-92B4-180BDE5B249C}.Debug|Any CPU.ActiveCfg = Debug|Any CPU
		{786C5A3B-2EB3-4960-92B4-180BDE5B249C}.Debug|Any CPU.Build.0 = Debug|Any CPU
		{786C5A3B-2EB3-4960-92B4-180BDE5B249C}.Release|Any CPU.ActiveCfg = Release|Any CPU
		{786C5A3B-2EB3-4960-92B4-180BDE5B249C}.Release|Any CPU.Build.0 = Release|Any CPU
		{11214A75-4B79-446C-A315-CA6920E2ECE4}.Debug|Any CPU.ActiveCfg = Debug|Any CPU
		{11214A75-4B79-446C-A315-CA6920E2ECE4}.Debug|Any CPU.Build.0 = Debug|Any CPU
		{11214A75-4B79-446C-A315-CA6920E2ECE4}.Release|Any CPU.ActiveCfg = Release|Any CPU
		{11214A75-4B79-446C-A315-CA6920E2ECE4}.Release|Any CPU.Build.0 = Release|Any CPU
	EndGlobalSection
	GlobalSection(SolutionProperties) = preSolution
		HideSolutionNode = FALSE
	EndGlobalSection
EndGlobal
